// !$*UTF8*$!
{
	archiveVersion = 1;
	classes = {
	};
	objectVersion = 50;
	objects = {

/* Begin PBXBuildFile section */
		167EA3F922FC5CC800D39DB4 /* AppDelegate.swift in Sources */ = {isa = PBXBuildFile; fileRef = 167EA3F822FC5CC800D39DB4 /* AppDelegate.swift */; };
		167EA3FB22FC5CC800D39DB4 /* SceneDelegate.swift in Sources */ = {isa = PBXBuildFile; fileRef = 167EA3FA22FC5CC800D39DB4 /* SceneDelegate.swift */; };
		167EA3FD22FC5CC800D39DB4 /* ViewController.swift in Sources */ = {isa = PBXBuildFile; fileRef = 167EA3FC22FC5CC800D39DB4 /* ViewController.swift */; };
		167EA40022FC5CC800D39DB4 /* Main.storyboard in Resources */ = {isa = PBXBuildFile; fileRef = 167EA3FE22FC5CC800D39DB4 /* Main.storyboard */; };
		167EA40322FC5CC800D39DB4 /* Beacon1.xcdatamodeld in Sources */ = {isa = PBXBuildFile; fileRef = 167EA40122FC5CC800D39DB4 /* Beacon1.xcdatamodeld */; };
		167EA40522FC5CCA00D39DB4 /* Assets.xcassets in Resources */ = {isa = PBXBuildFile; fileRef = 167EA40422FC5CCA00D39DB4 /* Assets.xcassets */; };
		167EA40822FC5CCA00D39DB4 /* LaunchScreen.storyboard in Resources */ = {isa = PBXBuildFile; fileRef = 167EA40622FC5CCA00D39DB4 /* LaunchScreen.storyboard */; };
		167EA41322FC5CCA00D39DB4 /* Beacon1Tests.swift in Sources */ = {isa = PBXBuildFile; fileRef = 167EA41222FC5CCA00D39DB4 /* Beacon1Tests.swift */; };
		167EA41E22FC5CCA00D39DB4 /* Beacon1UITests.swift in Sources */ = {isa = PBXBuildFile; fileRef = 167EA41D22FC5CCA00D39DB4 /* Beacon1UITests.swift */; };
/* End PBXBuildFile section */

/* Begin PBXContainerItemProxy section */
		167EA40F22FC5CCA00D39DB4 /* PBXContainerItemProxy */ = {
			isa = PBXContainerItemProxy;
			containerPortal = 167EA3ED22FC5CC800D39DB4 /* Project object */;
			proxyType = 1;
			remoteGlobalIDString = 167EA3F422FC5CC800D39DB4;
			remoteInfo = Beacon1;
		};
		167EA41A22FC5CCA00D39DB4 /* PBXContainerItemProxy */ = {
			isa = PBXContainerItemProxy;
			containerPortal = 167EA3ED22FC5CC800D39DB4 /* Project object */;
			proxyType = 1;
			remoteGlobalIDString = 167EA3F422FC5CC800D39DB4;
			remoteInfo = Beacon1;
		};
/* End PBXContainerItemProxy section */

/* Begin PBXFileReference section */
		167EA3F522FC5CC800D39DB4 /* Beacon1.app */ = {isa = PBXFileReference; explicitFileType = wrapper.application; includeInIndex = 0; path = Beacon1.app; sourceTree = BUILT_PRODUCTS_DIR; };
		167EA3F822FC5CC800D39DB4 /* AppDelegate.swift */ = {isa = PBXFileReference; lastKnownFileType = sourcecode.swift; path = AppDelegate.swift; sourceTree = "<group>"; };
		167EA3FA22FC5CC800D39DB4 /* SceneDelegate.swift */ = {isa = PBXFileReference; lastKnownFileType = sourcecode.swift; path = SceneDelegate.swift; sourceTree = "<group>"; };
		167EA3FC22FC5CC800D39DB4 /* ViewController.swift */ = {isa = PBXFileReference; lastKnownFileType = sourcecode.swift; path = ViewController.swift; sourceTree = "<group>"; };
		167EA3FF22FC5CC800D39DB4 /* Base */ = {isa = PBXFileReference; lastKnownFileType = file.storyboard; name = Base; path = Base.lproj/Main.storyboard; sourceTree = "<group>"; };
		167EA40222FC5CC800D39DB4 /* Beacon1.xcdatamodel */ = {isa = PBXFileReference; lastKnownFileType = wrapper.xcdatamodel; path = Beacon1.xcdatamodel; sourceTree = "<group>"; };
		167EA40422FC5CCA00D39DB4 /* Assets.xcassets */ = {isa = PBXFileReference; lastKnownFileType = folder.assetcatalog; path = Assets.xcassets; sourceTree = "<group>"; };
		167EA40722FC5CCA00D39DB4 /* Base */ = {isa = PBXFileReference; lastKnownFileType = file.storyboard; name = Base; path = Base.lproj/LaunchScreen.storyboard; sourceTree = "<group>"; };
		167EA40922FC5CCA00D39DB4 /* Info.plist */ = {isa = PBXFileReference; lastKnownFileType = text.plist.xml; path = Info.plist; sourceTree = "<group>"; };
		167EA40E22FC5CCA00D39DB4 /* Beacon1Tests.xctest */ = {isa = PBXFileReference; explicitFileType = wrapper.cfbundle; includeInIndex = 0; path = Beacon1Tests.xctest; sourceTree = BUILT_PRODUCTS_DIR; };
		167EA41222FC5CCA00D39DB4 /* Beacon1Tests.swift */ = {isa = PBXFileReference; lastKnownFileType = sourcecode.swift; path = Beacon1Tests.swift; sourceTree = "<group>"; };
		167EA41422FC5CCA00D39DB4 /* Info.plist */ = {isa = PBXFileReference; lastKnownFileType = text.plist.xml; path = Info.plist; sourceTree = "<group>"; };
		167EA41922FC5CCA00D39DB4 /* Beacon1UITests.xctest */ = {isa = PBXFileReference; explicitFileType = wrapper.cfbundle; includeInIndex = 0; path = Beacon1UITests.xctest; sourceTree = BUILT_PRODUCTS_DIR; };
		167EA41D22FC5CCA00D39DB4 /* Beacon1UITests.swift */ = {isa = PBXFileReference; lastKnownFileType = sourcecode.swift; path = Beacon1UITests.swift; sourceTree = "<group>"; };
		167EA41F22FC5CCA00D39DB4 /* Info.plist */ = {isa = PBXFileReference; lastKnownFileType = text.plist.xml; path = Info.plist; sourceTree = "<group>"; };
/* End PBXFileReference section */

/* Begin PBXFrameworksBuildPhase section */
		167EA3F222FC5CC800D39DB4 /* Frameworks */ = {
			isa = PBXFrameworksBuildPhase;
			buildActionMask = 2147483647;
			files = (
			);
			runOnlyForDeploymentPostprocessing = 0;
		};
		167EA40B22FC5CCA00D39DB4 /* Frameworks */ = {
			isa = PBXFrameworksBuildPhase;
			buildActionMask = 2147483647;
			files = (
			);
			runOnlyForDeploymentPostprocessing = 0;
		};
		167EA41622FC5CCA00D39DB4 /* Frameworks */ = {
			isa = PBXFrameworksBuildPhase;
			buildActionMask = 2147483647;
			files = (
			);
			runOnlyForDeploymentPostprocessing = 0;
		};
/* End PBXFrameworksBuildPhase section */

/* Begin PBXGroup section */
		167EA3EC22FC5CC800D39DB4 = {
			isa = PBXGroup;
			children = (
				167EA3F722FC5CC800D39DB4 /* Beacon1 */,
				167EA41122FC5CCA00D39DB4 /* Beacon1Tests */,
				167EA41C22FC5CCA00D39DB4 /* Beacon1UITests */,
				167EA3F622FC5CC800D39DB4 /* Products */,
			);
			sourceTree = "<group>";
		};
		167EA3F622FC5CC800D39DB4 /* Products */ = {
			isa = PBXGroup;
			children = (
				167EA3F522FC5CC800D39DB4 /* Beacon1.app */,
				167EA40E22FC5CCA00D39DB4 /* Beacon1Tests.xctest */,
				167EA41922FC5CCA00D39DB4 /* Beacon1UITests.xctest */,
			);
			name = Products;
			sourceTree = "<group>";
		};
		167EA3F722FC5CC800D39DB4 /* Beacon1 */ = {
			isa = PBXGroup;
			children = (
				167EA3F822FC5CC800D39DB4 /* AppDelegate.swift */,
				167EA3FA22FC5CC800D39DB4 /* SceneDelegate.swift */,
				167EA3FC22FC5CC800D39DB4 /* ViewController.swift */,
				167EA3FE22FC5CC800D39DB4 /* Main.storyboard */,
				167EA40422FC5CCA00D39DB4 /* Assets.xcassets */,
				167EA40622FC5CCA00D39DB4 /* LaunchScreen.storyboard */,
				167EA40922FC5CCA00D39DB4 /* Info.plist */,
				167EA40122FC5CC800D39DB4 /* Beacon1.xcdatamodeld */,
			);
			path = Beacon1;
			sourceTree = "<group>";
		};
		167EA41122FC5CCA00D39DB4 /* Beacon1Tests */ = {
			isa = PBXGroup;
			children = (
				167EA41222FC5CCA00D39DB4 /* Beacon1Tests.swift */,
				167EA41422FC5CCA00D39DB4 /* Info.plist */,
			);
			path = Beacon1Tests;
			sourceTree = "<group>";
		};
		167EA41C22FC5CCA00D39DB4 /* Beacon1UITests */ = {
			isa = PBXGroup;
			children = (
				167EA41D22FC5CCA00D39DB4 /* Beacon1UITests.swift */,
				167EA41F22FC5CCA00D39DB4 /* Info.plist */,
			);
			path = Beacon1UITests;
			sourceTree = "<group>";
		};
/* End PBXGroup section */

/* Begin PBXNativeTarget section */
		167EA3F422FC5CC800D39DB4 /* Beacon1 */ = {
			isa = PBXNativeTarget;
			buildConfigurationList = 167EA42222FC5CCA00D39DB4 /* Build configuration list for PBXNativeTarget "Beacon1" */;
			buildPhases = (
				167EA3F122FC5CC800D39DB4 /* Sources */,
				167EA3F222FC5CC800D39DB4 /* Frameworks */,
				167EA3F322FC5CC800D39DB4 /* Resources */,
			);
			buildRules = (
			);
			dependencies = (
			);
			name = Beacon1;
			productName = Beacon1;
			productReference = 167EA3F522FC5CC800D39DB4 /* Beacon1.app */;
			productType = "com.apple.product-type.application";
		};
		167EA40D22FC5CCA00D39DB4 /* Beacon1Tests */ = {
			isa = PBXNativeTarget;
			buildConfigurationList = 167EA42522FC5CCA00D39DB4 /* Build configuration list for PBXNativeTarget "Beacon1Tests" */;
			buildPhases = (
				167EA40A22FC5CCA00D39DB4 /* Sources */,
				167EA40B22FC5CCA00D39DB4 /* Frameworks */,
				167EA40C22FC5CCA00D39DB4 /* Resources */,
			);
			buildRules = (
			);
			dependencies = (
				167EA41022FC5CCA00D39DB4 /* PBXTargetDependency */,
			);
			name = Beacon1Tests;
			productName = Beacon1Tests;
			productReference = 167EA40E22FC5CCA00D39DB4 /* Beacon1Tests.xctest */;
			productType = "com.apple.product-type.bundle.unit-test";
		};
		167EA41822FC5CCA00D39DB4 /* Beacon1UITests */ = {
			isa = PBXNativeTarget;
			buildConfigurationList = 167EA42822FC5CCA00D39DB4 /* Build configuration list for PBXNativeTarget "Beacon1UITests" */;
			buildPhases = (
				167EA41522FC5CCA00D39DB4 /* Sources */,
				167EA41622FC5CCA00D39DB4 /* Frameworks */,
				167EA41722FC5CCA00D39DB4 /* Resources */,
			);
			buildRules = (
			);
			dependencies = (
				167EA41B22FC5CCA00D39DB4 /* PBXTargetDependency */,
			);
			name = Beacon1UITests;
			productName = Beacon1UITests;
			productReference = 167EA41922FC5CCA00D39DB4 /* Beacon1UITests.xctest */;
			productType = "com.apple.product-type.bundle.ui-testing";
		};
/* End PBXNativeTarget section */

/* Begin PBXProject section */
		167EA3ED22FC5CC800D39DB4 /* Project object */ = {
			isa = PBXProject;
			attributes = {
				LastSwiftUpdateCheck = 1100;
				LastUpgradeCheck = 1100;
				ORGANIZATIONNAME = "Jacob El-Saidy";
				TargetAttributes = {
					167EA3F422FC5CC800D39DB4 = {
						CreatedOnToolsVersion = 11.0;
					};
					167EA40D22FC5CCA00D39DB4 = {
						CreatedOnToolsVersion = 11.0;
						TestTargetID = 167EA3F422FC5CC800D39DB4;
					};
					167EA41822FC5CCA00D39DB4 = {
						CreatedOnToolsVersion = 11.0;
						TestTargetID = 167EA3F422FC5CC800D39DB4;
					};
				};
			};
			buildConfigurationList = 167EA3F022FC5CC800D39DB4 /* Build configuration list for PBXProject "Beacon1" */;
			compatibilityVersion = "Xcode 9.3";
			developmentRegion = en;
			hasScannedForEncodings = 0;
			knownRegions = (
				en,
				Base,
			);
			mainGroup = 167EA3EC22FC5CC800D39DB4;
			productRefGroup = 167EA3F622FC5CC800D39DB4 /* Products */;
			projectDirPath = "";
			projectRoot = "";
			targets = (
				167EA3F422FC5CC800D39DB4 /* Beacon1 */,
				167EA40D22FC5CCA00D39DB4 /* Beacon1Tests */,
				167EA41822FC5CCA00D39DB4 /* Beacon1UITests */,
			);
		};
/* End PBXProject section */

/* Begin PBXResourcesBuildPhase section */
		167EA3F322FC5CC800D39DB4 /* Resources */ = {
			isa = PBXResourcesBuildPhase;
			buildActionMask = 2147483647;
			files = (
				167EA40822FC5CCA00D39DB4 /* LaunchScreen.storyboard in Resources */,
				167EA40522FC5CCA00D39DB4 /* Assets.xcassets in Resources */,
				167EA40022FC5CC800D39DB4 /* Main.storyboard in Resources */,
			);
			runOnlyForDeploymentPostprocessing = 0;
		};
		167EA40C22FC5CCA00D39DB4 /* Resources */ = {
			isa = PBXResourcesBuildPhase;
			buildActionMask = 2147483647;
			files = (
			);
			runOnlyForDeploymentPostprocessing = 0;
		};
		167EA41722FC5CCA00D39DB4 /* Resources */ = {
			isa = PBXResourcesBuildPhase;
			buildActionMask = 2147483647;
			files = (
			);
			runOnlyForDeploymentPostprocessing = 0;
		};
/* End PBXResourcesBuildPhase section */

/* Begin PBXSourcesBuildPhase section */
		167EA3F122FC5CC800D39DB4 /* Sources */ = {
			isa = PBXSourcesBuildPhase;
			buildActionMask = 2147483647;
			files = (
				167EA3FD22FC5CC800D39DB4 /* ViewController.swift in Sources */,
				167EA40322FC5CC800D39DB4 /* Beacon1.xcdatamodeld in Sources */,
				167EA3F922FC5CC800D39DB4 /* AppDelegate.swift in Sources */,
				167EA3FB22FC5CC800D39DB4 /* SceneDelegate.swift in Sources */,
			);
			runOnlyForDeploymentPostprocessing = 0;
		};
		167EA40A22FC5CCA00D39DB4 /* Sources */ = {
			isa = PBXSourcesBuildPhase;
			buildActionMask = 2147483647;
			files = (
				167EA41322FC5CCA00D39DB4 /* Beacon1Tests.swift in Sources */,
			);
			runOnlyForDeploymentPostprocessing = 0;
		};
		167EA41522FC5CCA00D39DB4 /* Sources */ = {
			isa = PBXSourcesBuildPhase;
			buildActionMask = 2147483647;
			files = (
				167EA41E22FC5CCA00D39DB4 /* Beacon1UITests.swift in Sources */,
			);
			runOnlyForDeploymentPostprocessing = 0;
		};
/* End PBXSourcesBuildPhase section */

/* Begin PBXTargetDependency section */
		167EA41022FC5CCA00D39DB4 /* PBXTargetDependency */ = {
			isa = PBXTargetDependency;
			target = 167EA3F422FC5CC800D39DB4 /* Beacon1 */;
			targetProxy = 167EA40F22FC5CCA00D39DB4 /* PBXContainerItemProxy */;
		};
		167EA41B22FC5CCA00D39DB4 /* PBXTargetDependency */ = {
			isa = PBXTargetDependency;
			target = 167EA3F422FC5CC800D39DB4 /* Beacon1 */;
			targetProxy = 167EA41A22FC5CCA00D39DB4 /* PBXContainerItemProxy */;
		};
/* End PBXTargetDependency section */

/* Begin PBXVariantGroup section */
		167EA3FE22FC5CC800D39DB4 /* Main.storyboard */ = {
			isa = PBXVariantGroup;
			children = (
				167EA3FF22FC5CC800D39DB4 /* Base */,
			);
			name = Main.storyboard;
			sourceTree = "<group>";
		};
		167EA40622FC5CCA00D39DB4 /* LaunchScreen.storyboard */ = {
			isa = PBXVariantGroup;
			children = (
				167EA40722FC5CCA00D39DB4 /* Base */,
			);
			name = LaunchScreen.storyboard;
			sourceTree = "<group>";
		};
/* End PBXVariantGroup section */

/* Begin XCBuildConfiguration section */
		167EA42022FC5CCA00D39DB4 /* Debug */ = {
			isa = XCBuildConfiguration;
			buildSettings = {
				ALWAYS_SEARCH_USER_PATHS = NO;
				CLANG_ANALYZER_NONNULL = YES;
				CLANG_ANALYZER_NUMBER_OBJECT_CONVERSION = YES_AGGRESSIVE;
				CLANG_CXX_LANGUAGE_STANDARD = "gnu++14";
				CLANG_CXX_LIBRARY = "libc++";
				CLANG_ENABLE_MODULES = YES;
				CLANG_ENABLE_OBJC_ARC = YES;
				CLANG_ENABLE_OBJC_WEAK = YES;
				CLANG_WARN_BLOCK_CAPTURE_AUTORELEASING = YES;
				CLANG_WARN_BOOL_CONVERSION = YES;
				CLANG_WARN_COMMA = YES;
				CLANG_WARN_CONSTANT_CONVERSION = YES;
				CLANG_WARN_DEPRECATED_OBJC_IMPLEMENTATIONS = YES;
				CLANG_WARN_DIRECT_OBJC_ISA_USAGE = YES_ERROR;
				CLANG_WARN_DOCUMENTATION_COMMENTS = YES;
				CLANG_WARN_EMPTY_BODY = YES;
				CLANG_WARN_ENUM_CONVERSION = YES;
				CLANG_WARN_INFINITE_RECURSION = YES;
				CLANG_WARN_INT_CONVERSION = YES;
				CLANG_WARN_NON_LITERAL_NULL_CONVERSION = YES;
				CLANG_WARN_OBJC_IMPLICIT_RETAIN_SELF = YES;
				CLANG_WARN_OBJC_LITERAL_CONVERSION = YES;
				CLANG_WARN_OBJC_ROOT_CLASS = YES_ERROR;
				CLANG_WARN_RANGE_LOOP_ANALYSIS = YES;
				CLANG_WARN_STRICT_PROTOTYPES = YES;
				CLANG_WARN_SUSPICIOUS_MOVE = YES;
				CLANG_WARN_UNGUARDED_AVAILABILITY = YES_AGGRESSIVE;
				CLANG_WARN_UNREACHABLE_CODE = YES;
				CLANG_WARN__DUPLICATE_METHOD_MATCH = YES;
				COPY_PHASE_STRIP = NO;
				DEBUG_INFORMATION_FORMAT = dwarf;
				ENABLE_STRICT_OBJC_MSGSEND = YES;
				ENABLE_TESTABILITY = YES;
				GCC_C_LANGUAGE_STANDARD = gnu11;
				GCC_DYNAMIC_NO_PIC = NO;
				GCC_NO_COMMON_BLOCKS = YES;
				GCC_OPTIMIZATION_LEVEL = 0;
				GCC_PREPROCESSOR_DEFINITIONS = (
					"DEBUG=1",
					"$(inherited)",
				);
				GCC_WARN_64_TO_32_BIT_CONVERSION = YES;
				GCC_WARN_ABOUT_RETURN_TYPE = YES_ERROR;
				GCC_WARN_UNDECLARED_SELECTOR = YES;
				GCC_WARN_UNINITIALIZED_AUTOS = YES_AGGRESSIVE;
				GCC_WARN_UNUSED_FUNCTION = YES;
				GCC_WARN_UNUSED_VARIABLE = YES;
				IPHONEOS_DEPLOYMENT_TARGET = 13.0;
				MTL_ENABLE_DEBUG_INFO = INCLUDE_SOURCE;
				MTL_FAST_MATH = YES;
				ONLY_ACTIVE_ARCH = YES;
				SDKROOT = iphoneos;
				SWIFT_ACTIVE_COMPILATION_CONDITIONS = DEBUG;
				SWIFT_OPTIMIZATION_LEVEL = "-Onone";
			};
			name = Debug;
		};
		167EA42122FC5CCA00D39DB4 /* Release */ = {
			isa = XCBuildConfiguration;
			buildSettings = {
				ALWAYS_SEARCH_USER_PATHS = NO;
				CLANG_ANALYZER_NONNULL = YES;
				CLANG_ANALYZER_NUMBER_OBJECT_CONVERSION = YES_AGGRESSIVE;
				CLANG_CXX_LANGUAGE_STANDARD = "gnu++14";
				CLANG_CXX_LIBRARY = "libc++";
				CLANG_ENABLE_MODULES = YES;
				CLANG_ENABLE_OBJC_ARC = YES;
				CLANG_ENABLE_OBJC_WEAK = YES;
				CLANG_WARN_BLOCK_CAPTURE_AUTORELEASING = YES;
				CLANG_WARN_BOOL_CONVERSION = YES;
				CLANG_WARN_COMMA = YES;
				CLANG_WARN_CONSTANT_CONVERSION = YES;
				CLANG_WARN_DEPRECATED_OBJC_IMPLEMENTATIONS = YES;
				CLANG_WARN_DIRECT_OBJC_ISA_USAGE = YES_ERROR;
				CLANG_WARN_DOCUMENTATION_COMMENTS = YES;
				CLANG_WARN_EMPTY_BODY = YES;
				CLANG_WARN_ENUM_CONVERSION = YES;
				CLANG_WARN_INFINITE_RECURSION = YES;
				CLANG_WARN_INT_CONVERSION = YES;
				CLANG_WARN_NON_LITERAL_NULL_CONVERSION = YES;
				CLANG_WARN_OBJC_IMPLICIT_RETAIN_SELF = YES;
				CLANG_WARN_OBJC_LITERAL_CONVERSION = YES;
				CLANG_WARN_OBJC_ROOT_CLASS = YES_ERROR;
				CLANG_WARN_RANGE_LOOP_ANALYSIS = YES;
				CLANG_WARN_STRICT_PROTOTYPES = YES;
				CLANG_WARN_SUSPICIOUS_MOVE = YES;
				CLANG_WARN_UNGUARDED_AVAILABILITY = YES_AGGRESSIVE;
				CLANG_WARN_UNREACHABLE_CODE = YES;
				CLANG_WARN__DUPLICATE_METHOD_MATCH = YES;
				COPY_PHASE_STRIP = NO;
				DEBUG_INFORMATION_FORMAT = "dwarf-with-dsym";
				ENABLE_NS_ASSERTIONS = NO;
				ENABLE_STRICT_OBJC_MSGSEND = YES;
				GCC_C_LANGUAGE_STANDARD = gnu11;
				GCC_NO_COMMON_BLOCKS = YES;
				GCC_WARN_64_TO_32_BIT_CONVERSION = YES;
				GCC_WARN_ABOUT_RETURN_TYPE = YES_ERROR;
				GCC_WARN_UNDECLARED_SELECTOR = YES;
				GCC_WARN_UNINITIALIZED_AUTOS = YES_AGGRESSIVE;
				GCC_WARN_UNUSED_FUNCTION = YES;
				GCC_WARN_UNUSED_VARIABLE = YES;
				IPHONEOS_DEPLOYMENT_TARGET = 13.0;
				MTL_ENABLE_DEBUG_INFO = NO;
				MTL_FAST_MATH = YES;
				SDKROOT = iphoneos;
				SWIFT_COMPILATION_MODE = wholemodule;
				SWIFT_OPTIMIZATION_LEVEL = "-O";
				VALIDATE_PRODUCT = YES;
			};
			name = Release;
		};
		167EA42322FC5CCA00D39DB4 /* Debug */ = {
			isa = XCBuildConfiguration;
			buildSettings = {
				ASSETCATALOG_COMPILER_APPICON_NAME = AppIcon;
				CODE_SIGN_STYLE = Automatic;
				DEVELOPMENT_TEAM = D6Y53BWZB2;
				INFOPLIST_FILE = Beacon1/Info.plist;
				LD_RUNPATH_SEARCH_PATHS = (
					"$(inherited)",
					"@executable_path/Frameworks",
				);
				PRODUCT_BUNDLE_IDENTIFIER = Jacob.Beacon1;
				PRODUCT_NAME = "$(TARGET_NAME)";
				SWIFT_VERSION = 5.0;
				TARGETED_DEVICE_FAMILY = "1,2";
			};
			name = Debug;
		};
		167EA42422FC5CCA00D39DB4 /* Release */ = {
			isa = XCBuildConfiguration;
			buildSettings = {
				ASSETCATALOG_COMPILER_APPICON_NAME = AppIcon;
				CODE_SIGN_STYLE = Automatic;
				DEVELOPMENT_TEAM = D6Y53BWZB2;
				INFOPLIST_FILE = Beacon1/Info.plist;
				LD_RUNPATH_SEARCH_PATHS = (
					"$(inherited)",
					"@executable_path/Frameworks",
				);
				PRODUCT_BUNDLE_IDENTIFIER = Jacob.Beacon1;
				PRODUCT_NAME = "$(TARGET_NAME)";
				SWIFT_VERSION = 5.0;
				TARGETED_DEVICE_FAMILY = "1,2";
			};
			name = Release;
		};
		167EA42622FC5CCA00D39DB4 /* Debug */ = {
			isa = XCBuildConfiguration;
			buildSettings = {
				ALWAYS_EMBED_SWIFT_STANDARD_LIBRARIES = YES;
				BUNDLE_LOADER = "$(TEST_HOST)";
				CODE_SIGN_STYLE = Automatic;
				DEVELOPMENT_TEAM = D6Y53BWZB2;
				INFOPLIST_FILE = Beacon1Tests/Info.plist;
				LD_RUNPATH_SEARCH_PATHS = (
					"$(inherited)",
					"@executable_path/Frameworks",
					"@loader_path/Frameworks",
				);
				PRODUCT_BUNDLE_IDENTIFIER = Jacob.Beacon1Tests;
				PRODUCT_NAME = "$(TARGET_NAME)";
				SWIFT_VERSION = 5.0;
				TARGETED_DEVICE_FAMILY = "1,2";
				TEST_HOST = "$(BUILT_PRODUCTS_DIR)/Beacon1.app/Beacon1";
			};
			name = Debug;
		};
		167EA42722FC5CCA00D39DB4 /* Release */ = {
			isa = XCBuildConfiguration;
			buildSettings = {
				ALWAYS_EMBED_SWIFT_STANDARD_LIBRARIES = YES;
				BUNDLE_LOADER = "$(TEST_HOST)";
				CODE_SIGN_STYLE = Automatic;
				DEVELOPMENT_TEAM = D6Y53BWZB2;
				INFOPLIST_FILE = Beacon1Tests/Info.plist;
				LD_RUNPATH_SEARCH_PATHS = (
					"$(inherited)",
					"@executable_path/Frameworks",
					"@loader_path/Frameworks",
				);
				PRODUCT_BUNDLE_IDENTIFIER = Jacob.Beacon1Tests;
				PRODUCT_NAME = "$(TARGET_NAME)";
				SWIFT_VERSION = 5.0;
				TARGETED_DEVICE_FAMILY = "1,2";
				TEST_HOST = "$(BUILT_PRODUCTS_DIR)/Beacon1.app/Beacon1";
			};
			name = Release;
		};
		167EA42922FC5CCA00D39DB4 /* Debug */ = {
			isa = XCBuildConfiguration;
			buildSettings = {
				ALWAYS_EMBED_SWIFT_STANDARD_LIBRARIES = YES;
				CODE_SIGN_STYLE = Automatic;
				DEVELOPMENT_TEAM = D6Y53BWZB2;
				INFOPLIST_FILE = Beacon1UITests/Info.plist;
				LD_RUNPATH_SEARCH_PATHS = (
					"$(inherited)",
					"@executable_path/Frameworks",
					"@loader_path/Frameworks",
				);
				PRODUCT_BUNDLE_IDENTIFIER = Jacob.Beacon1UITests;
				PRODUCT_NAME = "$(TARGET_NAME)";
				SWIFT_VERSION = 5.0;
				TARGETED_DEVICE_FAMILY = "1,2";
				TEST_TARGET_NAME = Beacon1;
			};
			name = Debug;
		};
		167EA42A22FC5CCA00D39DB4 /* Release */ = {
			isa = XCBuildConfiguration;
			buildSettings = {
				ALWAYS_EMBED_SWIFT_STANDARD_LIBRARIES = YES;
				CODE_SIGN_STYLE = Automatic;
				DEVELOPMENT_TEAM = D6Y53BWZB2;
				INFOPLIST_FILE = Beacon1UITests/Info.plist;
				LD_RUNPATH_SEARCH_PATHS = (
					"$(inherited)",
					"@executable_path/Frameworks",
					"@loader_path/Frameworks",
				);
				PRODUCT_BUNDLE_IDENTIFIER = Jacob.Beacon1UITests;
				PRODUCT_NAME = "$(TARGET_NAME)";
				SWIFT_VERSION = 5.0;
				TARGETED_DEVICE_FAMILY = "1,2";
				TEST_TARGET_NAME = Beacon1;
			};
			name = Release;
		};
/* End XCBuildConfiguration section */

/* Begin XCConfigurationList section */
		167EA3F022FC5CC800D39DB4 /* Build configuration list for PBXProject "Beacon1" */ = {
			isa = XCConfigurationList;
			buildConfigurations = (
				167EA42022FC5CCA00D39DB4 /* Debug */,
				167EA42122FC5CCA00D39DB4 /* Release */,
			);
			defaultConfigurationIsVisible = 0;
			defaultConfigurationName = Release;
		};
		167EA42222FC5CCA00D39DB4 /* Build configuration list for PBXNativeTarget "Beacon1" */ = {
			isa = XCConfigurationList;
			buildConfigurations = (
				167EA42322FC5CCA00D39DB4 /* Debug */,
				167EA42422FC5CCA00D39DB4 /* Release */,
			);
			defaultConfigurationIsVisible = 0;
			defaultConfigurationName = Release;
		};
		167EA42522FC5CCA00D39DB4 /* Build configuration list for PBXNativeTarget "Beacon1Tests" */ = {
			isa = XCConfigurationList;
			buildConfigurations = (
				167EA42622FC5CCA00D39DB4 /* Debug */,
				167EA42722FC5CCA00D39DB4 /* Release */,
			);
			defaultConfigurationIsVisible = 0;
			defaultConfigurationName = Release;
		};
		167EA42822FC5CCA00D39DB4 /* Build configuration list for PBXNativeTarget "Beacon1UITests" */ = {
			isa = XCConfigurationList;
			buildConfigurations = (
				167EA42922FC5CCA00D39DB4 /* Debug */,
				167EA42A22FC5CCA00D39DB4 /* Release */,
			);
			defaultConfigurationIsVisible = 0;
			defaultConfigurationName = Release;
		};
/* End XCConfigurationList section */

/* Begin XCVersionGroup section */
		167EA40122FC5CC800D39DB4 /* Beacon1.xcdatamodeld */ = {
			isa = XCVersionGroup;
			children = (
				167EA40222FC5CC800D39DB4 /* Beacon1.xcdatamodel */,
			);
			currentVersion = 167EA40222FC5CC800D39DB4 /* Beacon1.xcdatamodel */;
			path = Beacon1.xcdatamodeld;
			sourceTree = "<group>";
			versionGroupType = wrapper.xcdatamodel;
		};
/* End XCVersionGroup section */
	};
	rootObject = 167EA3ED22FC5CC800D39DB4 /* Project object */;
}
